
Microsoft Visual Studio Solution File, Format Version 12.00
# Visual Studio Version 17
VisualStudioVersion = 17.6.33815.320
MinimumVisualStudioVersion = 10.0.40219.1
Project("{2150E333-8FDC-42A3-9474-1A3956D46DE8}") = "Src", "Src", "{6486494B-3F4C-45A9-9732-80FF9F67DE44}"
EndProject
Project("{2150E333-8FDC-42A3-9474-1A3956D46DE8}") = "1-Domain", "1-Domain", "{8F86A71E-1EA8-4243-8C1C-DDCF5A7EDC6C}"
EndProject
Project("{2150E333-8FDC-42A3-9474-1A3956D46DE8}") = "0-FrameWork", "0-FrameWork", "{8D9C8F8A-1055-4102-8386-369C697511A4}"
EndProject
Project("{2150E333-8FDC-42A3-9474-1A3956D46DE8}") = "2-Infrastructure", "2-Infrastructure", "{EE229AE6-F633-46C2-ADC3-F7706731614C}"
EndProject
Project("{2150E333-8FDC-42A3-9474-1A3956D46DE8}") = "3-Endpoints", "3-Endpoints", "{91DC6083-7AA7-4646-BA16-C19EFBE0408D}"
EndProject
Project("{2150E333-8FDC-42A3-9474-1A3956D46DE8}") = "Test", "Test", "{9D5EADBC-BBD3-452B-B275-E2C509600309}"
EndProject
Project("{2150E333-8FDC-42A3-9474-1A3956D46DE8}") = "Core", "Core", "{424BFA06-6A92-4121-941E-F7F5048D5018}"
EndProject
Project("{2150E333-8FDC-42A3-9474-1A3956D46DE8}") = "Services", "Services", "{0436515B-2B81-44E3-8E36-82A84DED2C87}"
EndProject
Project("{9A19103F-16F7-4668-BE54-9A1E7A4F7556}") = "MarketPlace.Domain.Core", "MarketPlace.Domain.Core\MarketPlace.Domain.Core.csproj", "{43C60DDB-0C28-46E0-A3DC-970B3602A958}"
EndProject
Project("{9A19103F-16F7-4668-BE54-9A1E7A4F7556}") = "MarketPlace.Domain.Services", "MarketPlace.Domain.Services\MarketPlace.Domain.Services.csproj", "{185B6A48-759C-4103-89E6-E861249941F6}"
EndProject
Project("{9A19103F-16F7-4668-BE54-9A1E7A4F7556}") = "MarketPlace.Domain.AppServices", "MarketPlace.Domain.AppServices\MarketPlace.Domain.AppServices.csproj", "{8E404B08-6EA8-4D41-9CAE-182FF8D99EC3}"
EndProject
Project("{2150E333-8FDC-42A3-9474-1A3956D46DE8}") = "DbContexes", "DbContexes", "{28C949DA-980A-4CED-932A-1DB3638C08DF}"
EndProject
Project("{2150E333-8FDC-42A3-9474-1A3956D46DE8}") = "DataAccess", "DataAccess", "{15E5BED1-B8E2-47F7-88AD-A0A00A09830F}"
EndProject
Project("{9A19103F-16F7-4668-BE54-9A1E7A4F7556}") = "MarketPlace.Infra.Db.SqlServer.Ef", "MarketPlace.Infra.Db.SqlServer.Ef\MarketPlace.Infra.Db.SqlServer.Ef.csproj", "{B9D26B8C-417E-4F23-BA92-FE81B39BF783}"
EndProject
Project("{9A19103F-16F7-4668-BE54-9A1E7A4F7556}") = "MarketPlace.Infra.Data.Repoes.Ef", "MarketPlace.Infra.Data.Repoes.Ef\MarketPlace.Infra.Data.Repoes.Ef.csproj", "{8D9DD9B6-3788-4DDA-A261-11878A6FEDB5}"
EndProject
Project("{9A19103F-16F7-4668-BE54-9A1E7A4F7556}") = "MarketPlace.Endpoint.Mvc", "MarketPlace.Endpoint.Mvc\MarketPlace.Endpoint.Mvc.csproj", "{C7AD21AB-A1B0-4A03-BFE7-82B45562B22A}"
EndProject
Project("{FAE04EC0-301F-11D3-BF4B-00C04F79EFBC}") = "ApplicationFrameWorke", "ApplicationFrameWorke\ApplicationFrameWorke.csproj", "{C351A254-C28B-40B2-9F0A-0A22EB904CD7}"
EndProject
Global
	GlobalSection(SolutionConfigurationPlatforms) = preSolution
		Debug|Any CPU = Debug|Any CPU
		Release|Any CPU = Release|Any CPU
	EndGlobalSection
	GlobalSection(ProjectConfigurationPlatforms) = postSolution
		{43C60DDB-0C28-46E0-A3DC-970B3602A958}.Debug|Any CPU.ActiveCfg = Debug|Any CPU
		{43C60DDB-0C28-46E0-A3DC-970B3602A958}.Debug|Any CPU.Build.0 = Debug|Any CPU
		{43C60DDB-0C28-46E0-A3DC-970B3602A958}.Release|Any CPU.ActiveCfg = Release|Any CPU
		{43C60DDB-0C28-46E0-A3DC-970B3602A958}.Release|Any CPU.Build.0 = Release|Any CPU
		{185B6A48-759C-4103-89E6-E861249941F6}.Debug|Any CPU.ActiveCfg = Debug|Any CPU
		{185B6A48-759C-4103-89E6-E861249941F6}.Debug|Any CPU.Build.0 = Debug|Any CPU
		{185B6A48-759C-4103-89E6-E861249941F6}.Release|Any CPU.ActiveCfg = Release|Any CPU
		{185B6A48-759C-4103-89E6-E861249941F6}.Release|Any CPU.Build.0 = Release|Any CPU
		{8E404B08-6EA8-4D41-9CAE-182FF8D99EC3}.Debug|Any CPU.ActiveCfg = Debug|Any CPU
		{8E404B08-6EA8-4D41-9CAE-182FF8D99EC3}.Debug|Any CPU.Build.0 = Debug|Any CPU
		{8E404B08-6EA8-4D41-9CAE-182FF8D99EC3}.Release|Any CPU.ActiveCfg = Release|Any CPU
		{8E404B08-6EA8-4D41-9CAE-182FF8D99EC3}.Release|Any CPU.Build.0 = Release|Any CPU
		{B9D26B8C-417E-4F23-BA92-FE81B39BF783}.Debug|Any CPU.ActiveCfg = Debug|Any CPU
		{B9D26B8C-417E-4F23-BA92-FE81B39BF783}.Debug|Any CPU.Build.0 = Debug|Any CPU
		{B9D26B8C-417E-4F23-BA92-FE81B39BF783}.Release|Any CPU.ActiveCfg = Release|Any CPU
		{B9D26B8C-417E-4F23-BA92-FE81B39BF783}.Release|Any CPU.Build.0 = Release|Any CPU
		{8D9DD9B6-3788-4DDA-A261-11878A6FEDB5}.Debug|Any CPU.ActiveCfg = Debug|Any CPU
		{8D9DD9B6-3788-4DDA-A261-11878A6FEDB5}.Debug|Any CPU.Build.0 = Debug|Any CPU
		{8D9DD9B6-3788-4DDA-A261-11878A6FEDB5}.Release|Any CPU.ActiveCfg = Release|Any CPU
		{8D9DD9B6-3788-4DDA-A261-11878A6FEDB5}.Release|Any CPU.Build.0 = Release|Any CPU
		{C7AD21AB-A1B0-4A03-BFE7-82B45562B22A}.Debug|Any CPU.ActiveCfg = Debug|Any CPU
		{C7AD21AB-A1B0-4A03-BFE7-82B45562B22A}.Debug|Any CPU.Build.0 = Debug|Any CPU
		{C7AD21AB-A1B0-4A03-BFE7-82B45562B22A}.Release|Any CPU.ActiveCfg = Release|Any CPU
		{C7AD21AB-A1B0-4A03-BFE7-82B45562B22A}.Release|Any CPU.Build.0 = Release|Any CPU
		{C351A254-C28B-40B2-9F0A-0A22EB904CD7}.Debug|Any CPU.ActiveCfg = Debug|Any CPU
		{C351A254-C28B-40B2-9F0A-0A22EB904CD7}.Debug|Any CPU.Build.0 = Debug|Any CPU
		{C351A254-C28B-40B2-9F0A-0A22EB904CD7}.Release|Any CPU.ActiveCfg = Release|Any CPU
		{C351A254-C28B-40B2-9F0A-0A22EB904CD7}.Release|Any CPU.Build.0 = Release|Any CPU
	EndGlobalSection
	GlobalSection(SolutionProperties) = preSolution
		HideSolutionNode = FALSE
	EndGlobalSection
	GlobalSection(NestedProjects) = preSolution
		{8F86A71E-1EA8-4243-8C1C-DDCF5A7EDC6C} = {6486494B-3F4C-45A9-9732-80FF9F67DE44}
		{8D9C8F8A-1055-4102-8386-369C697511A4} = {6486494B-3F4C-45A9-9732-80FF9F67DE44}
		{EE229AE6-F633-46C2-ADC3-F7706731614C} = {6486494B-3F4C-45A9-9732-80FF9F67DE44}
		{91DC6083-7AA7-4646-BA16-C19EFBE0408D} = {6486494B-3F4C-45A9-9732-80FF9F67DE44}
		{424BFA06-6A92-4121-941E-F7F5048D5018} = {8F86A71E-1EA8-4243-8C1C-DDCF5A7EDC6C}
		{0436515B-2B81-44E3-8E36-82A84DED2C87} = {8F86A71E-1EA8-4243-8C1C-DDCF5A7EDC6C}
		{43C60DDB-0C28-46E0-A3DC-970B3602A958} = {424BFA06-6A92-4121-941E-F7F5048D5018}
		{185B6A48-759C-4103-89E6-E861249941F6} = {0436515B-2B81-44E3-8E36-82A84DED2C87}
		{8E404B08-6EA8-4D41-9CAE-182FF8D99EC3} = {0436515B-2B81-44E3-8E36-82A84DED2C87}
		{28C949DA-980A-4CED-932A-1DB3638C08DF} = {EE229AE6-F633-46C2-ADC3-F7706731614C}
		{15E5BED1-B8E2-47F7-88AD-A0A00A09830F} = {EE229AE6-F633-46C2-ADC3-F7706731614C}
		{B9D26B8C-417E-4F23-BA92-FE81B39BF783} = {28C949DA-980A-4CED-932A-1DB3638C08DF}
		{8D9DD9B6-3788-4DDA-A261-11878A6FEDB5} = {15E5BED1-B8E2-47F7-88AD-A0A00A09830F}
		{C7AD21AB-A1B0-4A03-BFE7-82B45562B22A} = {91DC6083-7AA7-4646-BA16-C19EFBE0408D}
		{C351A254-C28B-40B2-9F0A-0A22EB904CD7} = {8D9C8F8A-1055-4102-8386-369C697511A4}
	EndGlobalSection
	GlobalSection(ExtensibilityGlobals) = postSolution
		SolutionGuid = {FB9D26AD-8960-448D-8108-B0AE22309B02}
	EndGlobalSection
EndGlobal
